lockfileVersion: '9.0'

settings:
  autoInstallPeers: true
  excludeLinksFromLockfile: false

importers:

  .:
    devDependencies:
      '@biomejs/biome':
        specifier: 1.9.4
        version: 1.9.4
      '@cloudflare/workers-types':
        specifier: ^4.20241218.0
        version: 4.20241218.0
      rolldown:
        specifier: 1.0.0-beta.1
        version: 1.0.0-beta.1
      rollup-plugin-swc3:
        specifier: ^0.12.1
        version: 0.12.1(@swc/core@1.10.3)(rollup@4.29.1)
      typescript:
        specifier: ^5.5.2
        version: 5.7.2
      wrangler:
        specifier: ^3.60.3
        version: 3.99.0(@cloudflare/workers-types@4.20241218.0)

packages:

  '@biomejs/biome@1.9.4':
    resolution: {integrity: sha512-1rkd7G70+o9KkTn5KLmDYXihGoTaIGO9PIIN2ZB7UJxFrWw04CZHPYiMRjYsaDvVV7hP1dYNRLxSANLaBFGpog==}
    engines: {node: '>=14.21.3'}
    hasBin: true

  '@biomejs/cli-darwin-arm64@1.9.4':
    resolution: {integrity: sha512-bFBsPWrNvkdKrNCYeAp+xo2HecOGPAy9WyNyB/jKnnedgzl4W4Hb9ZMzYNbf8dMCGmUdSavlYHiR01QaYR58cw==}
    engines: {node: '>=14.21.3'}
    cpu: [arm64]
    os: [darwin]

  '@biomejs/cli-darwin-x64@1.9.4':
    resolution: {integrity: sha512-ngYBh/+bEedqkSevPVhLP4QfVPCpb+4BBe2p7Xs32dBgs7rh9nY2AIYUL6BgLw1JVXV8GlpKmb/hNiuIxfPfZg==}
    engines: {node: '>=14.21.3'}
    cpu: [x64]
    os: [darwin]

  '@biomejs/cli-linux-arm64-musl@1.9.4':
    resolution: {integrity: sha512-v665Ct9WCRjGa8+kTr0CzApU0+XXtRgwmzIf1SeKSGAv+2scAlW6JR5PMFo6FzqqZ64Po79cKODKf3/AAmECqA==}
    engines: {node: '>=14.21.3'}
    cpu: [arm64]
    os: [linux]

  '@biomejs/cli-linux-arm64@1.9.4':
    resolution: {integrity: sha512-fJIW0+LYujdjUgJJuwesP4EjIBl/N/TcOX3IvIHJQNsAqvV2CHIogsmA94BPG6jZATS4Hi+xv4SkBBQSt1N4/g==}
    engines: {node: '>=14.21.3'}
    cpu: [arm64]
    os: [linux]

  '@biomejs/cli-linux-x64-musl@1.9.4':
    resolution: {integrity: sha512-gEhi/jSBhZ2m6wjV530Yy8+fNqG8PAinM3oV7CyO+6c3CEh16Eizm21uHVsyVBEB6RIM8JHIl6AGYCv6Q6Q9Tg==}
    engines: {node: '>=14.21.3'}
    cpu: [x64]
    os: [linux]

  '@biomejs/cli-linux-x64@1.9.4':
    resolution: {integrity: sha512-lRCJv/Vi3Vlwmbd6K+oQ0KhLHMAysN8lXoCI7XeHlxaajk06u7G+UsFSO01NAs5iYuWKmVZjmiOzJ0OJmGsMwg==}
    engines: {node: '>=14.21.3'}
    cpu: [x64]
    os: [linux]

  '@biomejs/cli-win32-arm64@1.9.4':
    resolution: {integrity: sha512-tlbhLk+WXZmgwoIKwHIHEBZUwxml7bRJgk0X2sPyNR3S93cdRq6XulAZRQJ17FYGGzWne0fgrXBKpl7l4M87Hg==}
    engines: {node: '>=14.21.3'}
    cpu: [arm64]
    os: [win32]

  '@biomejs/cli-win32-x64@1.9.4':
    resolution: {integrity: sha512-8Y5wMhVIPaWe6jw2H+KlEm4wP/f7EW3810ZLmDlrEEy5KvBsb9ECEfu/kMWD484ijfQ8+nIi0giMgu9g1UAuuA==}
    engines: {node: '>=14.21.3'}
    cpu: [x64]
    os: [win32]

  '@cloudflare/kv-asset-handler@0.3.4':
    resolution: {integrity: sha512-YLPHc8yASwjNkmcDMQMY35yiWjoKAKnhUbPRszBRS0YgH+IXtsMp61j+yTcnCE3oO2DgP0U3iejLC8FTtKDC8Q==}
    engines: {node: '>=16.13'}

  '@cloudflare/workerd-darwin-64@1.20241218.0':
    resolution: {integrity: sha512-8rveQoxtUvlmORKqTWgjv2ycM8uqWox0u9evn3zd2iWKdou5sncFwH517ZRLI3rq9P31ZLmCQBZ0gloFsTeY6w==}
    engines: {node: '>=16'}
    cpu: [x64]
    os: [darwin]

  '@cloudflare/workerd-darwin-arm64@1.20241218.0':
    resolution: {integrity: sha512-be59Ad9nmM9lCkhHqmTs/uZ3JVZt8NJ9Z0PY+B0xnc5z6WwmV2lj0RVLtq7xJhQsQJA189zt5rXqDP6J+2mu7Q==}
    engines: {node: '>=16'}
    cpu: [arm64]
    os: [darwin]

  '@cloudflare/workerd-linux-64@1.20241218.0':
    resolution: {integrity: sha512-MzpSBcfZXRxrYWxQ4pVDYDrUbkQuM62ssl4ZtHH8J35OAeGsWFAYji6MkS2SpVwVcvacPwJXIF4JSzp4xKImKw==}
    engines: {node: '>=16'}
    cpu: [x64]
    os: [linux]

  '@cloudflare/workerd-linux-arm64@1.20241218.0':
    resolution: {integrity: sha512-RIuJjPxpNqvwIs52vQsXeRMttvhIjgg9NLjjFa3jK8Ijnj8c3ZDru9Wqi48lJP07yDFIRr4uDMMqh/y29YQi2A==}
    engines: {node: '>=16'}
    cpu: [arm64]
    os: [linux]

  '@cloudflare/workerd-windows-64@1.20241218.0':
    resolution: {integrity: sha512-tO1VjlvK3F6Yb2d1jgEy/QBYl//9Pyv3K0j+lq8Eu7qdfm0IgKwSRgDWLept84/qmNsQfausZ4JdNGxTf9xsxQ==}
    engines: {node: '>=16'}
    cpu: [x64]
    os: [win32]

  '@cloudflare/workers-types@4.20241218.0':
    resolution: {integrity: sha512-Y0brjmJHcAZBXOPI7lU5hbiXglQWniA1kQjot2ata+HFimyjPPcz+4QWBRrmWcMPo0OadR2Vmac7WStDLpvz0w==}

  '@cspotcode/source-map-support@0.8.1':
    resolution: {integrity: sha512-IchNf6dN4tHoMFIn/7OE8LWZ19Y6q/67Bmf6vnGREv8RSbBVb9LPJxEcnwrcwX6ixSvaiGoomAUvu4YSxXrVgw==}
    engines: {node: '>=12'}

  '@dual-bundle/import-meta-resolve@4.1.0':
    resolution: {integrity: sha512-+nxncfwHM5SgAtrVzgpzJOI1ol0PkumhVo469KCf9lUi21IGcY90G98VuHm9VRrUypmAzawAHO9bs6hqeADaVg==}

  '@emnapi/core@1.3.1':
    resolution: {integrity: sha512-pVGjBIt1Y6gg3EJN8jTcfpP/+uuRksIo055oE/OBkDNcjZqVbfkWCksG1Jp4yZnj3iKWyWX8fdG/j6UDYPbFog==}

  '@emnapi/runtime@1.3.1':
    resolution: {integrity: sha512-kEBmG8KyqtxJZv+ygbEim+KCGtIq1fC22Ms3S4ziXmYKm8uyoLX0MHONVKwp+9opg390VaKRNt4a7A9NwmpNhw==}

  '@emnapi/wasi-threads@1.0.1':
    resolution: {integrity: sha512-iIBu7mwkq4UQGeMEM8bLwNK962nXdhodeScX4slfQnRhEMMzvYivHhutCIk8uojvmASXXPC2WNEjwxFWk72Oqw==}

  '@esbuild-plugins/node-globals-polyfill@0.2.3':
    resolution: {integrity: sha512-r3MIryXDeXDOZh7ih1l/yE9ZLORCd5e8vWg02azWRGj5SPTuoh69A2AIyn0Z31V/kHBfZ4HgWJ+OK3GTTwLmnw==}
    peerDependencies:
      esbuild: '*'

  '@esbuild-plugins/node-modules-polyfill@0.2.2':
    resolution: {integrity: sha512-LXV7QsWJxRuMYvKbiznh+U1ilIop3g2TeKRzUxOG5X3YITc8JyyTa90BmLwqqv0YnX4v32CSlG+vsziZp9dMvA==}
    peerDependencies:
      esbuild: '*'

  '@esbuild/android-arm64@0.17.19':
    resolution: {integrity: sha512-KBMWvEZooR7+kzY0BtbTQn0OAYY7CsiydT63pVEaPtVYF0hXbUaOyZog37DKxK7NF3XacBJOpYT4adIJh+avxA==}
    engines: {node: '>=12'}
    cpu: [arm64]
    os: [android]

  '@esbuild/android-arm@0.17.19':
    resolution: {integrity: sha512-rIKddzqhmav7MSmoFCmDIb6e2W57geRsM94gV2l38fzhXMwq7hZoClug9USI2pFRGL06f4IOPHHpFNOkWieR8A==}
    engines: {node: '>=12'}
    cpu: [arm]
    os: [android]

  '@esbuild/android-x64@0.17.19':
    resolution: {integrity: sha512-uUTTc4xGNDT7YSArp/zbtmbhO0uEEK9/ETW29Wk1thYUJBz3IVnvgEiEwEa9IeLyvnpKrWK64Utw2bgUmDveww==}
    engines: {node: '>=12'}
    cpu: [x64]
    os: [android]

  '@esbuild/darwin-arm64@0.17.19':
    resolution: {integrity: sha512-80wEoCfF/hFKM6WE1FyBHc9SfUblloAWx6FJkFWTWiCoht9Mc0ARGEM47e67W9rI09YoUxJL68WHfDRYEAvOhg==}
    engines: {node: '>=12'}
    cpu: [arm64]
    os: [darwin]

  '@esbuild/darwin-x64@0.17.19':
    resolution: {integrity: sha512-IJM4JJsLhRYr9xdtLytPLSH9k/oxR3boaUIYiHkAawtwNOXKE8KoU8tMvryogdcT8AU+Bflmh81Xn6Q0vTZbQw==}
    engines: {node: '>=12'}
    cpu: [x64]
    os: [darwin]

  '@esbuild/freebsd-arm64@0.17.19':
    resolution: {integrity: sha512-pBwbc7DufluUeGdjSU5Si+P3SoMF5DQ/F/UmTSb8HXO80ZEAJmrykPyzo1IfNbAoaqw48YRpv8shwd1NoI0jcQ==}
    engines: {node: '>=12'}
    cpu: [arm64]
    os: [freebsd]

  '@esbuild/freebsd-x64@0.17.19':
    resolution: {integrity: sha512-4lu+n8Wk0XlajEhbEffdy2xy53dpR06SlzvhGByyg36qJw6Kpfk7cp45DR/62aPH9mtJRmIyrXAS5UWBrJT6TQ==}
    engines: {node: '>=12'}
    cpu: [x64]
    os: [freebsd]

  '@esbuild/linux-arm64@0.17.19':
    resolution: {integrity: sha512-ct1Tg3WGwd3P+oZYqic+YZF4snNl2bsnMKRkb3ozHmnM0dGWuxcPTTntAF6bOP0Sp4x0PjSF+4uHQ1xvxfRKqg==}
    engines: {node: '>=12'}
    cpu: [arm64]
    os: [linux]

  '@esbuild/linux-arm@0.17.19':
    resolution: {integrity: sha512-cdmT3KxjlOQ/gZ2cjfrQOtmhG4HJs6hhvm3mWSRDPtZ/lP5oe8FWceS10JaSJC13GBd4eH/haHnqf7hhGNLerA==}
    engines: {node: '>=12'}
    cpu: [arm]
    os: [linux]

  '@esbuild/linux-ia32@0.17.19':
    resolution: {integrity: sha512-w4IRhSy1VbsNxHRQpeGCHEmibqdTUx61Vc38APcsRbuVgK0OPEnQ0YD39Brymn96mOx48Y2laBQGqgZ0j9w6SQ==}
    engines: {node: '>=12'}
    cpu: [ia32]
    os: [linux]

  '@esbuild/linux-loong64@0.17.19':
    resolution: {integrity: sha512-2iAngUbBPMq439a+z//gE+9WBldoMp1s5GWsUSgqHLzLJ9WoZLZhpwWuym0u0u/4XmZ3gpHmzV84PonE+9IIdQ==}
    engines: {node: '>=12'}
    cpu: [loong64]
    os: [linux]

  '@esbuild/linux-mips64el@0.17.19':
    resolution: {integrity: sha512-LKJltc4LVdMKHsrFe4MGNPp0hqDFA1Wpt3jE1gEyM3nKUvOiO//9PheZZHfYRfYl6AwdTH4aTcXSqBerX0ml4A==}
    engines: {node: '>=12'}
    cpu: [mips64el]
    os: [linux]

  '@esbuild/linux-ppc64@0.17.19':
    resolution: {integrity: sha512-/c/DGybs95WXNS8y3Ti/ytqETiW7EU44MEKuCAcpPto3YjQbyK3IQVKfF6nbghD7EcLUGl0NbiL5Rt5DMhn5tg==}
    engines: {node: '>=12'}
    cpu: [ppc64]
    os: [linux]

  '@esbuild/linux-riscv64@0.17.19':
    resolution: {integrity: sha512-FC3nUAWhvFoutlhAkgHf8f5HwFWUL6bYdvLc/TTuxKlvLi3+pPzdZiFKSWz/PF30TB1K19SuCxDTI5KcqASJqA==}
    engines: {node: '>=12'}
    cpu: [riscv64]
    os: [linux]

  '@esbuild/linux-s390x@0.17.19':
    resolution: {integrity: sha512-IbFsFbxMWLuKEbH+7sTkKzL6NJmG2vRyy6K7JJo55w+8xDk7RElYn6xvXtDW8HCfoKBFK69f3pgBJSUSQPr+4Q==}
    engines: {node: '>=12'}
    cpu: [s390x]
    os: [linux]

  '@esbuild/linux-x64@0.17.19':
    resolution: {integrity: sha512-68ngA9lg2H6zkZcyp22tsVt38mlhWde8l3eJLWkyLrp4HwMUr3c1s/M2t7+kHIhvMjglIBrFpncX1SzMckomGw==}
    engines: {node: '>=12'}
    cpu: [x64]
    os: [linux]

  '@esbuild/netbsd-x64@0.17.19':
    resolution: {integrity: sha512-CwFq42rXCR8TYIjIfpXCbRX0rp1jo6cPIUPSaWwzbVI4aOfX96OXY8M6KNmtPcg7QjYeDmN+DD0Wp3LaBOLf4Q==}
    engines: {node: '>=12'}
    cpu: [x64]
    os: [netbsd]

  '@esbuild/openbsd-x64@0.17.19':
    resolution: {integrity: sha512-cnq5brJYrSZ2CF6c35eCmviIN3k3RczmHz8eYaVlNasVqsNY+JKohZU5MKmaOI+KkllCdzOKKdPs762VCPC20g==}
    engines: {node: '>=12'}
    cpu: [x64]
    os: [openbsd]

  '@esbuild/sunos-x64@0.17.19':
    resolution: {integrity: sha512-vCRT7yP3zX+bKWFeP/zdS6SqdWB8OIpaRq/mbXQxTGHnIxspRtigpkUcDMlSCOejlHowLqII7K2JKevwyRP2rg==}
    engines: {node: '>=12'}
    cpu: [x64]
    os: [sunos]

  '@esbuild/win32-arm64@0.17.19':
    resolution: {integrity: sha512-yYx+8jwowUstVdorcMdNlzklLYhPxjniHWFKgRqH7IFlUEa0Umu3KuYplf1HUZZ422e3NU9F4LGb+4O0Kdcaag==}
    engines: {node: '>=12'}
    cpu: [arm64]
    os: [win32]

  '@esbuild/win32-ia32@0.17.19':
    resolution: {integrity: sha512-eggDKanJszUtCdlVs0RB+h35wNlb5v4TWEkq4vZcmVt5u/HiDZrTXe2bWFQUez3RgNHwx/x4sk5++4NSSicKkw==}
    engines: {node: '>=12'}
    cpu: [ia32]
    os: [win32]

  '@esbuild/win32-x64@0.17.19':
    resolution: {integrity: sha512-lAhycmKnVOuRYNtRtatQR1LPQf2oYCkRGkSFnseDAKPl8lu5SOsK/e1sXe5a0Pc5kHIHe6P2I/ilntNv2xf3cA==}
    engines: {node: '>=12'}
    cpu: [x64]
    os: [win32]

  '@fastify/busboy@2.1.1':
    resolution: {integrity: sha512-vBZP4NlzfOlerQTnba4aqZoMhE/a9HY7HRqoOPaETQcSQuWEIyZMHGfVu6w9wGtGK5fED5qRs2DteVCjOH60sA==}
    engines: {node: '>=14'}

  '@fastify/deepmerge@2.0.1':
    resolution: {integrity: sha512-hx+wJQr9Ph1hY/dyzY0SxqjumMyqZDlIF6oe71dpRKDHUg7dFQfjG94qqwQ274XRjmUrwKiYadex8XplNHx3CA==}

  '@jridgewell/resolve-uri@3.1.2':
    resolution: {integrity: sha512-bRISgCIjP20/tbWSPWMEi54QVPRZExkuD9lJL+UIxUKtwVJA8wW1Trb1jMs1RFXo1CBTNZ/5hpC9QvmKWdopKw==}
    engines: {node: '>=6.0.0'}

  '@jridgewell/sourcemap-codec@1.5.0':
    resolution: {integrity: sha512-gv3ZRaISU3fjPAgNsriBRqGWQL6quFx04YMPW/zD8XMLsU32mhCCbfbO6KZFLjvYpCZ8zyDEgqsgf+PwPaM7GQ==}

  '@jridgewell/trace-mapping@0.3.9':
    resolution: {integrity: sha512-3Belt6tdc8bPgAtbcmdtNJlirVoTmEb5e2gC94PnkwEW9jI6CAHUeoG85tjWP5WquqfavoMtMwiG4P926ZKKuQ==}

  '@napi-rs/wasm-runtime@0.2.6':
    resolution: {integrity: sha512-z8YVS3XszxFTO73iwvFDNpQIzdMmSDTP/mB3E/ucR37V3Sx57hSExcXyMoNwaucWxnsWf4xfbZv0iZ30jr0M4Q==}

  '@rolldown/binding-darwin-arm64@1.0.0-beta.1':
    resolution: {integrity: sha512-e4QpTp7eu61JilK958i21RK/HniwVLjZgfShqoQY1VM+KDYz90cNuopKQ3Z3oCkvyAN3xI8IaRhy02nlxdR/DA==}
    cpu: [arm64]
    os: [darwin]

  '@rolldown/binding-darwin-x64@1.0.0-beta.1':
    resolution: {integrity: sha512-+WHRLrogJl99EQ6HtYhy7EwIZ1wicD0RSX2T5mjfOM6AmPwPTXQ0n6MKOs1abU6ZyCj5Izlo6rLsao0h9FMUDA==}
    cpu: [x64]
    os: [darwin]

  '@rolldown/binding-freebsd-x64@1.0.0-beta.1':
    resolution: {integrity: sha512-ZP9Q1q4IfvJ8dfWTHOF3cquNpAKuQQ+kZJQTxo85fGnKqtqMWFNouaBVd79pqCxU3w4oIjuZ8o55qNDomMTbVA==}
    cpu: [x64]
    os: [freebsd]

  '@rolldown/binding-linux-arm-gnueabihf@1.0.0-beta.1':
    resolution: {integrity: sha512-B/R4Vt8f8z/WmW9Y9NMgA+t5bCfRLmgZohs5mWf8KoD5FRlpvJtCo/SnD7fEg9npHEP5A28+Cikiyd7aCcKPSA==}
    cpu: [arm]
    os: [linux]

  '@rolldown/binding-linux-arm64-gnu@1.0.0-beta.1':
    resolution: {integrity: sha512-xkGD+YLH+vQZiqxKEsXe8xS/owQXkyARaNB9NfFrAacLoNIRZM5UEZGNKxXyRWd1kSEkYkJ3/WiqvGGCcqUg1A==}
    cpu: [arm64]
    os: [linux]

  '@rolldown/binding-linux-arm64-musl@1.0.0-beta.1':
    resolution: {integrity: sha512-Ey2UxKFL74JuWpdNl9stpV0kxHZIgCWCEUnDnpQ1hcBwO9KwDM5qicLtXfsjozD6vt+xzbrL2D/uTrziYZ7IDQ==}
    cpu: [arm64]
    os: [linux]

  '@rolldown/binding-linux-x64-gnu@1.0.0-beta.1':
    resolution: {integrity: sha512-a8QP35x/3mggWqCpFtaF3/PbWl5P9QKpP/muk3iMPgzrXto8zPsEl3imsP3EBh4KwanBVHIf8pEkBQ+/7iMTgQ==}
    cpu: [x64]
    os: [linux]

  '@rolldown/binding-linux-x64-musl@1.0.0-beta.1':
    resolution: {integrity: sha512-uIqKwnkZjTY8FmqGMaSjwtWlCdV88LV9bjdkv+mb7I+BBw+9cJlIQy0P8YnGEOEcnDPis/SiraCpkJ/eHYaSZw==}
    cpu: [x64]
    os: [linux]

  '@rolldown/binding-wasm32-wasi@1.0.0-beta.1':
    resolution: {integrity: sha512-RB+gbhwZtTbKbvHzUcaRFva2ONCUTuxDEb/b3/rd3O82OTPUZzOY24mqreiXH1XG09p6WFXSE8dzUrN120Q29w==}
    engines: {node: '>=14.21.3'}
    cpu: [wasm32]

  '@rolldown/binding-win32-arm64-msvc@1.0.0-beta.1':
    resolution: {integrity: sha512-NSccQD7+9vhEfDMc8HyODuUU1jLYEsEiICc1zwmbeg0FXx1pwpFpZZQby4bAMnK2obav7D9FfsruYWodhNdIqQ==}
    cpu: [arm64]
    os: [win32]

  '@rolldown/binding-win32-ia32-msvc@1.0.0-beta.1':
    resolution: {integrity: sha512-bUQOqqHfqgX9gHGZFGVYQRtc4+9diFDS/f85dKrzzUg7MF91ZU9mJUoemL4eyyj3B83N3FlHZtAPvDX3N2Zz8A==}
    cpu: [ia32]
    os: [win32]

  '@rolldown/binding-win32-x64-msvc@1.0.0-beta.1':
    resolution: {integrity: sha512-k8Ld05OlxkzR/+Ob8+IESaZ4uFcgLwbbwtUZLoryn3S6lCogkclcN/4m1wo/PyWtUAWF5mdz83SrkRL8dS4AqA==}
    cpu: [x64]
    os: [win32]

  '@rollup/pluginutils@5.1.4':
    resolution: {integrity: sha512-USm05zrsFxYLPdWWq+K3STlWiT/3ELn3RcV5hJMghpeAIhxfsUIg6mt12CBJBInWMV4VneoV7SfGv8xIwo2qNQ==}
    engines: {node: '>=14.0.0'}
    peerDependencies:
      rollup: ^1.20.0||^2.0.0||^3.0.0||^4.0.0
    peerDependenciesMeta:
      rollup:
        optional: true

  '@rollup/rollup-android-arm-eabi@4.29.1':
    resolution: {integrity: sha512-ssKhA8RNltTZLpG6/QNkCSge+7mBQGUqJRisZ2MDQcEGaK93QESEgWK2iOpIDZ7k9zPVkG5AS3ksvD5ZWxmItw==}
    cpu: [arm]
    os: [android]

  '@rollup/rollup-android-arm64@4.29.1':
    resolution: {integrity: sha512-CaRfrV0cd+NIIcVVN/jx+hVLN+VRqnuzLRmfmlzpOzB87ajixsN/+9L5xNmkaUUvEbI5BmIKS+XTwXsHEb65Ew==}
    cpu: [arm64]
    os: [android]

  '@rollup/rollup-darwin-arm64@4.29.1':
    resolution: {integrity: sha512-2ORr7T31Y0Mnk6qNuwtyNmy14MunTAMx06VAPI6/Ju52W10zk1i7i5U3vlDRWjhOI5quBcrvhkCHyF76bI7kEw==}
    cpu: [arm64]
    os: [darwin]

  '@rollup/rollup-darwin-x64@4.29.1':
    resolution: {integrity: sha512-j/Ej1oanzPjmN0tirRd5K2/nncAhS9W6ICzgxV+9Y5ZsP0hiGhHJXZ2JQ53iSSjj8m6cRY6oB1GMzNn2EUt6Ng==}
    cpu: [x64]
    os: [darwin]

  '@rollup/rollup-freebsd-arm64@4.29.1':
    resolution: {integrity: sha512-91C//G6Dm/cv724tpt7nTyP+JdN12iqeXGFM1SqnljCmi5yTXriH7B1r8AD9dAZByHpKAumqP1Qy2vVNIdLZqw==}
    cpu: [arm64]
    os: [freebsd]

  '@rollup/rollup-freebsd-x64@4.29.1':
    resolution: {integrity: sha512-hEioiEQ9Dec2nIRoeHUP6hr1PSkXzQaCUyqBDQ9I9ik4gCXQZjJMIVzoNLBRGet+hIUb3CISMh9KXuCcWVW/8w==}
    cpu: [x64]
    os: [freebsd]

  '@rollup/rollup-linux-arm-gnueabihf@4.29.1':
    resolution: {integrity: sha512-Py5vFd5HWYN9zxBv3WMrLAXY3yYJ6Q/aVERoeUFwiDGiMOWsMs7FokXihSOaT/PMWUty/Pj60XDQndK3eAfE6A==}
    cpu: [arm]
    os: [linux]

  '@rollup/rollup-linux-arm-musleabihf@4.29.1':
    resolution: {integrity: sha512-RiWpGgbayf7LUcuSNIbahr0ys2YnEERD4gYdISA06wa0i8RALrnzflh9Wxii7zQJEB2/Eh74dX4y/sHKLWp5uQ==}
    cpu: [arm]
    os: [linux]

  '@rollup/rollup-linux-arm64-gnu@4.29.1':
    resolution: {integrity: sha512-Z80O+taYxTQITWMjm/YqNoe9d10OX6kDh8X5/rFCMuPqsKsSyDilvfg+vd3iXIqtfmp+cnfL1UrYirkaF8SBZA==}
    cpu: [arm64]
    os: [linux]

  '@rollup/rollup-linux-arm64-musl@4.29.1':
    resolution: {integrity: sha512-fOHRtF9gahwJk3QVp01a/GqS4hBEZCV1oKglVVq13kcK3NeVlS4BwIFzOHDbmKzt3i0OuHG4zfRP0YoG5OF/rA==}
    cpu: [arm64]
    os: [linux]

  '@rollup/rollup-linux-loongarch64-gnu@4.29.1':
    resolution: {integrity: sha512-5a7q3tnlbcg0OodyxcAdrrCxFi0DgXJSoOuidFUzHZ2GixZXQs6Tc3CHmlvqKAmOs5eRde+JJxeIf9DonkmYkw==}
    cpu: [loong64]
    os: [linux]

  '@rollup/rollup-linux-powerpc64le-gnu@4.29.1':
    resolution: {integrity: sha512-9b4Mg5Yfz6mRnlSPIdROcfw1BU22FQxmfjlp/CShWwO3LilKQuMISMTtAu/bxmmrE6A902W2cZJuzx8+gJ8e9w==}
    cpu: [ppc64]
    os: [linux]

  '@rollup/rollup-linux-riscv64-gnu@4.29.1':
    resolution: {integrity: sha512-G5pn0NChlbRM8OJWpJFMX4/i8OEU538uiSv0P6roZcbpe/WfhEO+AT8SHVKfp8qhDQzaz7Q+1/ixMy7hBRidnQ==}
    cpu: [riscv64]
    os: [linux]

  '@rollup/rollup-linux-s390x-gnu@4.29.1':
    resolution: {integrity: sha512-WM9lIkNdkhVwiArmLxFXpWndFGuOka4oJOZh8EP3Vb8q5lzdSCBuhjavJsw68Q9AKDGeOOIHYzYm4ZFvmWez5g==}
    cpu: [s390x]
    os: [linux]

  '@rollup/rollup-linux-x64-gnu@4.29.1':
    resolution: {integrity: sha512-87xYCwb0cPGZFoGiErT1eDcssByaLX4fc0z2nRM6eMtV9njAfEE6OW3UniAoDhX4Iq5xQVpE6qO9aJbCFumKYQ==}
    cpu: [x64]
    os: [linux]

  '@rollup/rollup-linux-x64-musl@4.29.1':
    resolution: {integrity: sha512-xufkSNppNOdVRCEC4WKvlR1FBDyqCSCpQeMMgv9ZyXqqtKBfkw1yfGMTUTs9Qsl6WQbJnsGboWCp7pJGkeMhKA==}
    cpu: [x64]
    os: [linux]

  '@rollup/rollup-win32-arm64-msvc@4.29.1':
    resolution: {integrity: sha512-F2OiJ42m77lSkizZQLuC+jiZ2cgueWQL5YC9tjo3AgaEw+KJmVxHGSyQfDUoYR9cci0lAywv2Clmckzulcq6ig==}
    cpu: [arm64]
    os: [win32]

  '@rollup/rollup-win32-ia32-msvc@4.29.1':
    resolution: {integrity: sha512-rYRe5S0FcjlOBZQHgbTKNrqxCBUmgDJem/VQTCcTnA2KCabYSWQDrytOzX7avb79cAAweNmMUb/Zw18RNd4mng==}
    cpu: [ia32]
    os: [win32]

  '@rollup/rollup-win32-x64-msvc@4.29.1':
    resolution: {integrity: sha512-+10CMg9vt1MoHj6x1pxyjPSMjHTIlqs8/tBztXvPAx24SKs9jwVnKqHJumlH/IzhaPUaj3T6T6wfZr8okdXaIg==}
    cpu: [x64]
    os: [win32]

  '@swc/core-darwin-arm64@1.10.3':
    resolution: {integrity: sha512-LFFCxAUKBy69AUE+01rgazQcafIXrYs6tBa9SyKPR51ft6Tp66dAVrWg9MTykaWskuXEe80LPUvUw1ga3bOH3A==}
    engines: {node: '>=10'}
    cpu: [arm64]
    os: [darwin]

  '@swc/core-darwin-x64@1.10.3':
    resolution: {integrity: sha512-yZNv1+yPg0GvYdThsMI8WpaPRAPuw2gQDMdgijLFfRcRlr2l1sTWsDHqGd7QMTx+acYM3uB537gyd31WjUAwlQ==}
    engines: {node: '>=10'}
    cpu: [x64]
    os: [darwin]

  '@swc/core-linux-arm-gnueabihf@1.10.3':
    resolution: {integrity: sha512-Qa6hu5ASoKV4rcYUBGG3y3z+9UT042KAG4A7ivqqYQFcMfkB4NbZb5So2YWOpUc0/5YlSVkgL22h3Mbj5EXy7A==}
    engines: {node: '>=10'}
    cpu: [arm]
    os: [linux]

  '@swc/core-linux-arm64-gnu@1.10.3':
    resolution: {integrity: sha512-BGnoZrmo0nlkXrOxVHk5U3j9u4BuquFviC+LvMe+HrDc5YLVe1gSXMUSBKhIz9MY9uFgxXW977TnB1XjLSKe5Q==}
    engines: {node: '>=10'}
    cpu: [arm64]
    os: [linux]

  '@swc/core-linux-arm64-musl@1.10.3':
    resolution: {integrity: sha512-L07/4zKnIY2S/00bE+Yn3oEHkyGjWmGGE8Ta4luVCL+00s04EIwMoE1Hc8E8xFB5zLew5ViKFc5kNb5YZ/tRFQ==}
    engines: {node: '>=10'}
    cpu: [arm64]
    os: [linux]

  '@swc/core-linux-x64-gnu@1.10.3':
    resolution: {integrity: sha512-cvTCekY4u0fBIDNfhv/2UxcOXqH4XJE2iNxKuQejS5KIapFJwrZ+fRQ2lha3+yopI/d2p96BlBEWTAcBzeTntw==}
    engines: {node: '>=10'}
    cpu: [x64]
    os: [linux]

  '@swc/core-linux-x64-musl@1.10.3':
    resolution: {integrity: sha512-h9kUOTrSSpY9JNc41a+NMAwK62USk/pvNE9Fi/Pfoklmlf9j9j8gRCitqvHpmZcEF4PPIsoMdiGetDipTwvWlw==}
    engines: {node: '>=10'}
    cpu: [x64]
    os: [linux]

  '@swc/core-win32-arm64-msvc@1.10.3':
    resolution: {integrity: sha512-iHOmLYkZYn3r1Ff4rfyczdrYGt/wVIWyY0t8swsO9o1TE+zmucGFZuYZzgj3ng8Kp4sojJrydAGz8TINQZDBzQ==}
    engines: {node: '>=10'}
    cpu: [arm64]
    os: [win32]

  '@swc/core-win32-ia32-msvc@1.10.3':
    resolution: {integrity: sha512-4SqLSE4Ozh8SxuVuHIZhkSyJQru5+WbQMRs5ggLRqeUy3vkUPHOAFAY3oMwDJUN6BwbAr8+664TmdrMwaWh8Ng==}
    engines: {node: '>=10'}
    cpu: [ia32]
    os: [win32]

  '@swc/core-win32-x64-msvc@1.10.3':
    resolution: {integrity: sha512-jTyf/IbNq7NVyqqDIEDzgjALjWu1IMfXKLXXAJArreklIMzkfHU1sV32ZJLOBmRKPyslCoalxIAU+hTx4reUTQ==}
    engines: {node: '>=10'}
    cpu: [x64]
    os: [win32]

  '@swc/core@1.10.3':
    resolution: {integrity: sha512-2yjqCcsBx6SNBQZIYNlwxED9aYXW/7QBZyr8LYAxTx5bzmoNhKiClYbsNLe1NJ6ccf5uSbcInw12PjXLduNEdQ==}
    engines: {node: '>=10'}
    peerDependencies:
      '@swc/helpers': '*'
    peerDependenciesMeta:
      '@swc/helpers':
        optional: true

  '@swc/counter@0.1.3':
    resolution: {integrity: sha512-e2BR4lsJkkRlKZ/qCHPw9ZaSxc0MVUd7gtbtaB7aMvHeJVYe8sOB8DBZkP2DtISHGSku9sCK6T6cnY0CtXrOCQ==}

  '@swc/types@0.1.17':
    resolution: {integrity: sha512-V5gRru+aD8YVyCOMAjMpWR1Ui577DD5KSJsHP8RAxopAH22jFz6GZd/qxqjO6MJHQhcsjvjOFXyDhyLQUnMveQ==}

  '@tybys/wasm-util@0.9.0':
    resolution: {integrity: sha512-6+7nlbMVX/PVDCwaIQ8nTOPveOcFLSt8GcXdx8hD0bt39uWxYT88uXzqTd4fTvqta7oeUJqudepapKNt2DYJFw==}

  '@types/estree@1.0.6':
    resolution: {integrity: sha512-AYnb1nQyY49te+VRAVgmzfcgjYS91mY5P0TKUDCLEM+gNnA+3T6rWITXRLYCpahpqSQbN5cE+gHpnPyXjHWxcw==}

  '@types/node-forge@1.3.11':
    resolution: {integrity: sha512-FQx220y22OKNTqaByeBGqHWYz4cl94tpcxeFdvBo3wjG6XPBuZ0BNgNZRV5J5TFmmcsJ4IzsLkmGRiQbnYsBEQ==}

  '@types/node@22.10.2':
    resolution: {integrity: sha512-Xxr6BBRCAOQixvonOye19wnzyDiUtTeqldOOmj3CkeblonbccA12PFwlufvRdrpjXxqnmUaeiU5EOA+7s5diUQ==}

  acorn-walk@8.3.4:
    resolution: {integrity: sha512-ueEepnujpqee2o5aIYnvHU6C0A42MNdsIDeqy5BydrkuC5R1ZuUFnm27EeFJGoEHJQgn3uleRvmTXaJgfXbt4g==}
    engines: {node: '>=0.4.0'}

  acorn@8.14.0:
    resolution: {integrity: sha512-cl669nCJTZBsL97OF4kUQm5g5hC2uihk0NxY3WENAC0TYdILVkAyHymAntgxGkl7K+t0cXIrH5siy5S4XkFycA==}
    engines: {node: '>=0.4.0'}
    hasBin: true

  as-table@1.0.55:
    resolution: {integrity: sha512-xvsWESUJn0JN421Xb9MQw6AsMHRCUknCe0Wjlxvjud80mU4E6hQf1A6NzQKcYNmYw62MfzEtXc+badstZP3JpQ==}

  blake3-wasm@2.1.5:
    resolution: {integrity: sha512-F1+K8EbfOZE49dtoPtmxUQrpXaBIl3ICvasLh+nJta0xkz+9kF/7uet9fLnwKqhDrmj6g+6K3Tw9yQPUg2ka5g==}

  capnp-ts@0.7.0:
    resolution: {integrity: sha512-XKxXAC3HVPv7r674zP0VC3RTXz+/JKhfyw94ljvF80yynK6VkTnqE3jMuN8b3dUVmmc43TjyxjW4KTsmB3c86g==}

  chokidar@4.0.3:
    resolution: {integrity: sha512-Qgzu8kfBvo+cA4962jnP1KkS6Dop5NS6g7R5LFYJr4b8Ub94PPQXUksCw9PvXoeXPRRddRNC5C1JQUR2SMGtnA==}
    engines: {node: '>= 14.16.0'}

  cookie@0.7.2:
    resolution: {integrity: sha512-yki5XnKuf750l50uGTllt6kKILY4nQ1eNIQatoXEByZ5dWgnKqbnqmTrBE5B4N7lrMJKQ2ytWMiTO2o0v6Ew/w==}
    engines: {node: '>= 0.6'}

  data-uri-to-buffer@2.0.2:
    resolution: {integrity: sha512-ND9qDTLc6diwj+Xe5cdAgVTbLVdXbtxTJRXRhli8Mowuaan+0EJOtdqJ0QCHNSSPyoXGx9HX2/VMnKeC34AChA==}

  date-fns@4.1.0:
    resolution: {integrity: sha512-Ukq0owbQXxa/U3EGtsdVBkR1w7KOQ5gIBqdH2hkvknzZPYvBxb/aa6E8L7tmjFtkwZBu3UXBbjIgPo/Ez4xaNg==}

  debug@4.4.0:
    resolution: {integrity: sha512-6WTZ/IxCY/T6BALoZHaE4ctp9xm+Z5kY/pzYaCHRFeyVhojxlrm+46y68HA6hr0TcwEssoxNiDEUJQjfPZ/RYA==}
    engines: {node: '>=6.0'}
    peerDependencies:
      supports-color: '*'
    peerDependenciesMeta:
      supports-color:
        optional: true

  defu@6.1.4:
    resolution: {integrity: sha512-mEQCMmwJu317oSz8CwdIOdwf3xMif1ttiM8LTufzc3g6kR+9Pe236twL8j3IYT1F7GfRgGcW6MWxzZjLIkuHIg==}

  esbuild@0.17.19:
    resolution: {integrity: sha512-XQ0jAPFkK/u3LcVRcvVHQcTIqD6E2H1fvZMA5dQPSOWb3suUbWbfbRf94pjc0bNzRYLfIrDRQXr7X+LHIm5oHw==}
    engines: {node: '>=12'}
    hasBin: true

  escape-string-regexp@4.0.0:
    resolution: {integrity: sha512-TtpcNJ3XAzx3Gq8sWRzJaVajRs0uVxA2YAkdb1jm2YkPz4G6egUFAyA3n5vtEIZefPk5Wa4UXbKuS5fKkJWdgA==}
    engines: {node: '>=10'}

  estree-walker@0.6.1:
    resolution: {integrity: sha512-SqmZANLWS0mnatqbSfRP5g8OXZC12Fgg1IwNtLsyHDzJizORW4khDfjPqJZsemPWBB2uqykUah5YpQ6epsqC/w==}

  estree-walker@2.0.2:
    resolution: {integrity: sha512-Rfkk/Mp/DL7JVje3u18FxFujQlTNR2q6QfMSMB7AvCBx91NGj/ba3kCfza0f6dVDbw7YlRf/nDrn7pQrCCyQ/w==}

  exit-hook@2.2.1:
    resolution: {integrity: sha512-eNTPlAD67BmP31LDINZ3U7HSF8l57TxOY2PmBJ1shpCvpnxBF93mWCE8YHBnXs8qiUZJc9WDcWIeC3a2HIAMfw==}
    engines: {node: '>=6'}

  fsevents@2.3.3:
    resolution: {integrity: sha512-5xoDfX+fL7faATnagmWPpbFtwh/R77WmMMqqHGS65C3vvB0YHrgF+B1YmZ3441tMj5n63k0212XNoJwzlhffQw==}
    engines: {node: ^8.16.0 || ^10.6.0 || >=11.0.0}
    os: [darwin]

  function-bind@1.1.2:
    resolution: {integrity: sha512-7XHNxH7qX9xG5mIwxkhumTox/MIRNcOgDrxWsMt2pAr23WHp6MrRlN7FBSFpCpr+oVO0F744iUgR82nJMfG2SA==}

  get-source@2.0.12:
    resolution: {integrity: sha512-X5+4+iD+HoSeEED+uwrQ07BOQr0kEDFMVqqpBuI+RaZBpBpHCuXxo70bjar6f0b0u/DQJsJ7ssurpP0V60Az+w==}

  get-tsconfig@4.8.1:
    resolution: {integrity: sha512-k9PN+cFBmaLWtVz29SkUoqU5O0slLuHJXt/2P+tMVFT+phsSGXGkp9t3rQIqdz0e+06EHNGs3oM6ZX1s2zHxRg==}

  glob-to-regexp@0.4.1:
    resolution: {integrity: sha512-lkX1HJXwyMcprw/5YUZc2s7DrpAiHB21/V+E1rHUrVNokkvB6bqMzT0VfV6/86ZNabt1k14YOIaT7nDvOX3Iiw==}

  hasown@2.0.2:
    resolution: {integrity: sha512-0hJU9SCPvmMzIBdZFqNPXWa6dqh7WdH0cII9y+CyS8rG3nL48Bclra9HmKhVVUHyPWNH5Y7xDwAB7bfgSjkUMQ==}
    engines: {node: '>= 0.4'}

  is-core-module@2.16.1:
    resolution: {integrity: sha512-UfoeMA6fIJ8wTYFEUjelnaGI67v6+N7qXJEvQuIGa99l4xsCruSYOVSQ0uPANn4dAzm8lkYPaKLrrijLq7x23w==}
    engines: {node: '>= 0.4'}

  itty-time@1.0.6:
    resolution: {integrity: sha512-+P8IZaLLBtFv8hCkIjcymZOp4UJ+xW6bSlQsXGqrkmJh7vSiMFSlNne0mCYagEE0N7HDNR5jJBRxwN0oYv61Rw==}

  magic-string@0.25.9:
    resolution: {integrity: sha512-RmF0AsMzgt25qzqqLc1+MbHmhdx0ojF2Fvs4XnOqz2ZOBXzzkEwc/dJQZCYHAn7v1jbVOjAZfK8msRn4BxO4VQ==}

  magic-string@0.30.17:
    resolution: {integrity: sha512-sNPKHvyjVf7gyjwS4xGTaW/mCnF8wnjtifKBEhxfZ7E/S8tQ0rssrwGNn6q8JH/ohItJfSQp9mBtQYuTlH5QnA==}

  mime@3.0.0:
    resolution: {integrity: sha512-jSCU7/VB1loIWBZe14aEYHU/+1UMEHoaO7qxCOVJOw9GgH72VAWppxNcjU+x9a2k3GSIBXNKxXQFqRvvZ7vr3A==}
    engines: {node: '>=10.0.0'}
    hasBin: true

  miniflare@3.20241218.0:
    resolution: {integrity: sha512-spYFDArH0wd+wJSTrzBrWrXJrbyJhRMJa35mat947y1jYhVV8I5V8vnD3LwjfpLr0SaEilojz1OIW7ekmnRe+w==}
    engines: {node: '>=16.13'}
    hasBin: true

  ms@2.1.3:
    resolution: {integrity: sha512-6FlzubTLZG3J2a/NVCAleEhjzq5oxgHyaCU9yYXvcLsvoVaHJq/s5xXI6/XXP6tz7R9xAOtHnSO/tXtF3WRTlA==}

  mustache@4.2.0:
    resolution: {integrity: sha512-71ippSywq5Yb7/tVYyGbkBggbU8H3u5Rz56fH60jGFgr8uHwxs+aSKeqmluIVzM0m0kB7xQjKS6qPfd0b2ZoqQ==}
    hasBin: true

  nanoid@3.3.8:
    resolution: {integrity: sha512-WNLf5Sd8oZxOm+TzppcYk8gVOgP+l58xNy58D0nbUnOxOWRWvlcCV4kUF7ltmI6PsrLl/BgKEyS4mqsGChFN0w==}
    engines: {node: ^10 || ^12 || ^13.7 || ^14 || >=15.0.1}
    hasBin: true

  node-forge@1.3.1:
    resolution: {integrity: sha512-dPEtOeMvF9VMcYV/1Wb8CPoVAXtp6MKMlcbAt4ddqmGqUJ6fQZFXkNZNkNlfevtNkGtaSoXf/vNNNSvgrdXwtA==}
    engines: {node: '>= 6.13.0'}

  ohash@1.1.4:
    resolution: {integrity: sha512-FlDryZAahJmEF3VR3w1KogSEdWX3WhA5GPakFx4J81kEAiHyLMpdLLElS8n8dfNadMgAne/MywcvmogzscVt4g==}

  path-parse@1.0.7:
    resolution: {integrity: sha512-LDJzPVEEEPR+y48z93A0Ed0yXb8pAByGWo/k5YYdYgpY2/2EsOsksJrq7lOHxryrVOn1ejG6oAp8ahvOIQD8sw==}

  path-to-regexp@6.3.0:
    resolution: {integrity: sha512-Yhpw4T9C6hPpgPeA28us07OJeqZ5EzQTkbfwuhsUg0c237RomFoETJgmp2sa3F/41gfLE6G5cqcYwznmeEeOlQ==}

  pathe@1.1.2:
    resolution: {integrity: sha512-whLdWMYL2TwI08hn8/ZqAbrVemu0LNaNNJZX73O6qaIdCTfXutsLhMkjdENX0qhsQ9uIimo4/aQOmXkoon2nDQ==}

  picomatch@4.0.2:
    resolution: {integrity: sha512-M7BAV6Rlcy5u+m6oPhAPFgJTzAioX/6B0DxyvDlo9l8+T3nLKbrczg2WLUyzd45L8RqfUMyGPzekbMvX2Ldkwg==}
    engines: {node: '>=12'}

  printable-characters@1.0.42:
    resolution: {integrity: sha512-dKp+C4iXWK4vVYZmYSd0KBH5F/h1HoZRsbJ82AVKRO3PEo8L4lBS/vLwhVtpwwuYcoIsVY+1JYKR268yn480uQ==}

  readdirp@4.0.2:
    resolution: {integrity: sha512-yDMz9g+VaZkqBYS/ozoBJwaBhTbZo3UNYQHNRw1D3UFQB8oHB4uS/tAODO+ZLjGWmUbKnIlOWO+aaIiAxrUWHA==}
    engines: {node: '>= 14.16.0'}

  resolve-pkg-maps@1.0.0:
    resolution: {integrity: sha512-seS2Tj26TBVOC2NIc2rOe2y2ZO7efxITtLZcGSOnHHNOQ7CkiUBfw0Iw2ck6xkIhPwLhKNLS8BO+hEpngQlqzw==}

  resolve@1.22.10:
    resolution: {integrity: sha512-NPRy+/ncIMeDlTAsuqwKIiferiawhefFJtkNSW0qZJEqMEb+qBt/77B/jGeeek+F0uOeN05CDa6HXbbIgtVX4w==}
    engines: {node: '>= 0.4'}
    hasBin: true

  rolldown@1.0.0-beta.1:
    resolution: {integrity: sha512-19B2HoY3zcR7Um+zVDOvV1gQ1d6acUIouCUMGxvlZ/0kTjcMSFr8tuLWmRRYIV7y1mrgPbJRd1cPFVd4p1l8nQ==}
    hasBin: true
    peerDependencies:
      '@babel/runtime': '>=7'
    peerDependenciesMeta:
      '@babel/runtime':
        optional: true

  rollup-plugin-inject@3.0.2:
    resolution: {integrity: sha512-ptg9PQwzs3orn4jkgXJ74bfs5vYz1NCZlSQMBUA0wKcGp5i5pA1AO3fOUEte8enhGUC+iapTCzEWw2jEFFUO/w==}
    deprecated: This package has been deprecated and is no longer maintained. Please use @rollup/plugin-inject.

  rollup-plugin-node-polyfills@0.2.1:
    resolution: {integrity: sha512-4kCrKPTJ6sK4/gLL/U5QzVT8cxJcofO0OU74tnB19F40cmuAKSzH5/siithxlofFEjwvw1YAhPmbvGNA6jEroA==}

  rollup-plugin-swc3@0.12.1:
    resolution: {integrity: sha512-iNV1T432XvyejZ19/41C2gLbXxEOiiJynPPAFF0WzwwFT5FHx7SstAp0yjJRLyrbZjfIhoWJVl3hX3c3Stv/GQ==}
    engines: {node: '>=16'}
    peerDependencies:
      '@swc/core': '>=1.2.165'
      rollup: ^2.0.0 || ^3.0.0 || ^4.0.0

  rollup-pluginutils@2.8.2:
    resolution: {integrity: sha512-EEp9NhnUkwY8aif6bxgovPHMoMoNr2FulJziTndpt5H9RdwC47GSGuII9XxpSdzVGM0GWrNPHV6ie1LTNJPaLQ==}

  rollup-preserve-directives@1.1.3:
    resolution: {integrity: sha512-oXqxd6ZzkoQej8Qt0k+S/yvO2+S4CEVEVv2g85oL15o0cjAKTKEuo2MzyA8FcsBBXbtytBzBMFAbhvQg4YyPUQ==}
    peerDependencies:
      rollup: ^2.0.0 || ^3.0.0 || ^4.0.0

  rollup@4.29.1:
    resolution: {integrity: sha512-RaJ45M/kmJUzSWDs1Nnd5DdV4eerC98idtUOVr6FfKcgxqvjwHmxc5upLF9qZU9EpsVzzhleFahrT3shLuJzIw==}
    engines: {node: '>=18.0.0', npm: '>=8.0.0'}
    hasBin: true

  selfsigned@2.4.1:
    resolution: {integrity: sha512-th5B4L2U+eGLq1TVh7zNRGBapioSORUeymIydxgFpwww9d2qyKvtuPU2jJuHvYAwwqi2Y596QBL3eEqcPEYL8Q==}
    engines: {node: '>=10'}

  source-map@0.6.1:
    resolution: {integrity: sha512-UjgapumWlbMhkBgzT7Ykc5YXUT46F0iKu8SGXq0bcwP5dz/h0Plj6enJqjz1Zbq2l5WaqYnrVbwWOWMyF3F47g==}
    engines: {node: '>=0.10.0'}

  sourcemap-codec@1.4.8:
    resolution: {integrity: sha512-9NykojV5Uih4lgo5So5dtw+f0JgJX30KCNI8gwhz2J9A15wD0Ml6tjHKwf6fTSa6fAdVBdZeNOs9eJ71qCk8vA==}
    deprecated: Please use @jridgewell/sourcemap-codec instead

  stacktracey@2.1.8:
    resolution: {integrity: sha512-Kpij9riA+UNg7TnphqjH7/CzctQ/owJGNbFkfEeve4Z4uxT5+JapVLFXcsurIfN34gnTWZNJ/f7NMG0E8JDzTw==}

  stoppable@1.1.0:
    resolution: {integrity: sha512-KXDYZ9dszj6bzvnEMRYvxgeTHU74QBFL54XKtP3nyMuJ81CFYtABZ3bAzL2EdFUaEwJOBOgENyFj3R7oTzDyyw==}
    engines: {node: '>=4', npm: '>=6'}

  supports-preserve-symlinks-flag@1.0.0:
    resolution: {integrity: sha512-ot0WnXS9fgdkgIcePe6RHNk1WA8+muPa6cSjeR3V8K27q9BB1rTE3R1p7Hv0z1ZyAc8s6Vvv8DIyWf681MAt0w==}
    engines: {node: '>= 0.4'}

  tslib@2.8.1:
    resolution: {integrity: sha512-oJFu94HQb+KVduSUQL7wnpmqnfmLsOA/nAh6b6EH0wCEoK0/mPeXU6c3wKDV83MkOuHPRHtSXKKU99IBazS/2w==}

  typescript@5.7.2:
    resolution: {integrity: sha512-i5t66RHxDvVN40HfDd1PsEThGNnlMCMT3jMUuoh9/0TaqWevNontacunWyN02LA9/fIbEWlcHZcgTKb9QoaLfg==}
    engines: {node: '>=14.17'}
    hasBin: true

  ufo@1.5.4:
    resolution: {integrity: sha512-UsUk3byDzKd04EyoZ7U4DOlxQaD14JUKQl6/P7wiX4FNvUfm3XL246n9W5AmqwW5RSFJ27NAuM0iLscAOYUiGQ==}

  undici-types@6.20.0:
    resolution: {integrity: sha512-Ny6QZ2Nju20vw1SRHe3d9jVu6gJ+4e3+MMpqu7pqE5HT6WsTSlce++GQmK5UXS8mzV8DSYHrQH+Xrf2jVcuKNg==}

  undici@5.28.4:
    resolution: {integrity: sha512-72RFADWFqKmUb2hmmvNODKL3p9hcB6Gt2DOQMis1SEBaV6a4MH8soBvzg+95CYhCKPFedut2JY9bMfrDl9D23g==}
    engines: {node: '>=14.0'}

  unenv-nightly@2.0.0-20241204-140205-a5d5190:
    resolution: {integrity: sha512-jpmAytLeiiW01pl5bhVn9wYJ4vtiLdhGe10oXlJBuQEX8mxjxO8BlEXGHU4vr4yEikjFP1wsomTHt/CLU8kUwg==}

  workerd@1.20241218.0:
    resolution: {integrity: sha512-7Z3D4vOVChMz9mWDffE299oQxUWm/pbkeAWx1btVamPcAK/2IuoNBhwflWo3jyuKuxvYuFAdIucgYxc8ICqXiA==}
    engines: {node: '>=16'}
    hasBin: true

  wrangler@3.99.0:
    resolution: {integrity: sha512-k0x4rT3G/QCbxcoZY7CHRVlAIS8WMmKdga6lf4d2c3gXFqssh44vwlTDuARA9QANBxKJTcA7JPTJRfUDhd9QBA==}
    engines: {node: '>=16.17.0'}
    hasBin: true
    peerDependencies:
      '@cloudflare/workers-types': ^4.20241218.0
    peerDependenciesMeta:
      '@cloudflare/workers-types':
        optional: true

  ws@8.18.0:
    resolution: {integrity: sha512-8VbfWfHLbbwu3+N6OKsOMpBdT4kXPDDB9cJk2bJ6mh9ucxdlnNvH1e+roYkKmN9Nxw2yjz7VzeO9oOz2zJ04Pw==}
    engines: {node: '>=10.0.0'}
    peerDependencies:
      bufferutil: ^4.0.1
      utf-8-validate: '>=5.0.2'
    peerDependenciesMeta:
      bufferutil:
        optional: true
      utf-8-validate:
        optional: true

  xxhash-wasm@1.1.0:
    resolution: {integrity: sha512-147y/6YNh+tlp6nd/2pWq38i9h6mz/EuQ6njIrmW8D1BS5nCqs0P6DG+m6zTGnNz5I+uhZ0SHxBs9BsPrwcKDA==}

  youch@3.3.4:
    resolution: {integrity: sha512-UeVBXie8cA35DS6+nBkls68xaBBXCye0CNznrhszZjTbRVnJKQuNsyLKBTTL4ln1o1rh2PKtv35twV7irj5SEg==}

  zod@3.24.1:
    resolution: {integrity: sha512-muH7gBL9sI1nciMZV67X5fTKKBLtwpZ5VBp1vsOQzj1MhrBZ4wlVCm3gedKZWLp0Oyel8sIGfeiz54Su+OVT+A==}

snapshots:

  '@biomejs/biome@1.9.4':
    optionalDependencies:
      '@biomejs/cli-darwin-arm64': 1.9.4
      '@biomejs/cli-darwin-x64': 1.9.4
      '@biomejs/cli-linux-arm64': 1.9.4
      '@biomejs/cli-linux-arm64-musl': 1.9.4
      '@biomejs/cli-linux-x64': 1.9.4
      '@biomejs/cli-linux-x64-musl': 1.9.4
      '@biomejs/cli-win32-arm64': 1.9.4
      '@biomejs/cli-win32-x64': 1.9.4

  '@biomejs/cli-darwin-arm64@1.9.4':
    optional: true

  '@biomejs/cli-darwin-x64@1.9.4':
    optional: true

  '@biomejs/cli-linux-arm64-musl@1.9.4':
    optional: true

  '@biomejs/cli-linux-arm64@1.9.4':
    optional: true

  '@biomejs/cli-linux-x64-musl@1.9.4':
    optional: true

  '@biomejs/cli-linux-x64@1.9.4':
    optional: true

  '@biomejs/cli-win32-arm64@1.9.4':
    optional: true

  '@biomejs/cli-win32-x64@1.9.4':
    optional: true

  '@cloudflare/kv-asset-handler@0.3.4':
    dependencies:
      mime: 3.0.0

  '@cloudflare/workerd-darwin-64@1.20241218.0':
    optional: true

  '@cloudflare/workerd-darwin-arm64@1.20241218.0':
    optional: true

  '@cloudflare/workerd-linux-64@1.20241218.0':
    optional: true

  '@cloudflare/workerd-linux-arm64@1.20241218.0':
    optional: true

  '@cloudflare/workerd-windows-64@1.20241218.0':
    optional: true

  '@cloudflare/workers-types@4.20241218.0': {}

  '@cspotcode/source-map-support@0.8.1':
    dependencies:
      '@jridgewell/trace-mapping': 0.3.9

  '@dual-bundle/import-meta-resolve@4.1.0': {}

  '@emnapi/core@1.3.1':
    dependencies:
      '@emnapi/wasi-threads': 1.0.1
      tslib: 2.8.1
    optional: true

  '@emnapi/runtime@1.3.1':
    dependencies:
      tslib: 2.8.1
    optional: true

  '@emnapi/wasi-threads@1.0.1':
    dependencies:
      tslib: 2.8.1
    optional: true

  '@esbuild-plugins/node-globals-polyfill@0.2.3(esbuild@0.17.19)':
    dependencies:
      esbuild: 0.17.19

  '@esbuild-plugins/node-modules-polyfill@0.2.2(esbuild@0.17.19)':
    dependencies:
      esbuild: 0.17.19
      escape-string-regexp: 4.0.0
      rollup-plugin-node-polyfills: 0.2.1

  '@esbuild/android-arm64@0.17.19':
    optional: true

  '@esbuild/android-arm@0.17.19':
    optional: true

  '@esbuild/android-x64@0.17.19':
    optional: true

  '@esbuild/darwin-arm64@0.17.19':
    optional: true

  '@esbuild/darwin-x64@0.17.19':
    optional: true

  '@esbuild/freebsd-arm64@0.17.19':
    optional: true

  '@esbuild/freebsd-x64@0.17.19':
    optional: true

  '@esbuild/linux-arm64@0.17.19':
    optional: true

  '@esbuild/linux-arm@0.17.19':
    optional: true

  '@esbuild/linux-ia32@0.17.19':
    optional: true

  '@esbuild/linux-loong64@0.17.19':
    optional: true

  '@esbuild/linux-mips64el@0.17.19':
    optional: true

  '@esbuild/linux-ppc64@0.17.19':
    optional: true

  '@esbuild/linux-riscv64@0.17.19':
    optional: true

  '@esbuild/linux-s390x@0.17.19':
    optional: true

  '@esbuild/linux-x64@0.17.19':
    optional: true

  '@esbuild/netbsd-x64@0.17.19':
    optional: true

  '@esbuild/openbsd-x64@0.17.19':
    optional: true

  '@esbuild/sunos-x64@0.17.19':
    optional: true

  '@esbuild/win32-arm64@0.17.19':
    optional: true

  '@esbuild/win32-ia32@0.17.19':
    optional: true

  '@esbuild/win32-x64@0.17.19':
    optional: true

  '@fastify/busboy@2.1.1': {}

  '@fastify/deepmerge@2.0.1': {}

  '@jridgewell/resolve-uri@3.1.2': {}

  '@jridgewell/sourcemap-codec@1.5.0': {}

  '@jridgewell/trace-mapping@0.3.9':
    dependencies:
      '@jridgewell/resolve-uri': 3.1.2
      '@jridgewell/sourcemap-codec': 1.5.0

  '@napi-rs/wasm-runtime@0.2.6':
    dependencies:
      '@emnapi/core': 1.3.1
      '@emnapi/runtime': 1.3.1
      '@tybys/wasm-util': 0.9.0
    optional: true

  '@rolldown/binding-darwin-arm64@1.0.0-beta.1':
    optional: true

  '@rolldown/binding-darwin-x64@1.0.0-beta.1':
    optional: true

  '@rolldown/binding-freebsd-x64@1.0.0-beta.1':
    optional: true

  '@rolldown/binding-linux-arm-gnueabihf@1.0.0-beta.1':
    optional: true

  '@rolldown/binding-linux-arm64-gnu@1.0.0-beta.1':
    optional: true

  '@rolldown/binding-linux-arm64-musl@1.0.0-beta.1':
    optional: true

  '@rolldown/binding-linux-x64-gnu@1.0.0-beta.1':
    optional: true

  '@rolldown/binding-linux-x64-musl@1.0.0-beta.1':
    optional: true

  '@rolldown/binding-wasm32-wasi@1.0.0-beta.1':
    dependencies:
      '@napi-rs/wasm-runtime': 0.2.6
    optional: true

  '@rolldown/binding-win32-arm64-msvc@1.0.0-beta.1':
    optional: true

  '@rolldown/binding-win32-ia32-msvc@1.0.0-beta.1':
    optional: true

  '@rolldown/binding-win32-x64-msvc@1.0.0-beta.1':
    optional: true

  '@rollup/pluginutils@5.1.4(rollup@4.29.1)':
    dependencies:
      '@types/estree': 1.0.6
      estree-walker: 2.0.2
      picomatch: 4.0.2
    optionalDependencies:
      rollup: 4.29.1

  '@rollup/rollup-android-arm-eabi@4.29.1':
    optional: true

  '@rollup/rollup-android-arm64@4.29.1':
    optional: true

  '@rollup/rollup-darwin-arm64@4.29.1':
    optional: true

  '@rollup/rollup-darwin-x64@4.29.1':
    optional: true

  '@rollup/rollup-freebsd-arm64@4.29.1':
    optional: true

  '@rollup/rollup-freebsd-x64@4.29.1':
    optional: true

  '@rollup/rollup-linux-arm-gnueabihf@4.29.1':
    optional: true

  '@rollup/rollup-linux-arm-musleabihf@4.29.1':
    optional: true

  '@rollup/rollup-linux-arm64-gnu@4.29.1':
    optional: true

  '@rollup/rollup-linux-arm64-musl@4.29.1':
    optional: true

  '@rollup/rollup-linux-loongarch64-gnu@4.29.1':
    optional: true

  '@rollup/rollup-linux-powerpc64le-gnu@4.29.1':
    optional: true

  '@rollup/rollup-linux-riscv64-gnu@4.29.1':
    optional: true

  '@rollup/rollup-linux-s390x-gnu@4.29.1':
    optional: true

  '@rollup/rollup-linux-x64-gnu@4.29.1':
    optional: true

  '@rollup/rollup-linux-x64-musl@4.29.1':
    optional: true

  '@rollup/rollup-win32-arm64-msvc@4.29.1':
    optional: true

  '@rollup/rollup-win32-ia32-msvc@4.29.1':
    optional: true

  '@rollup/rollup-win32-x64-msvc@4.29.1':
    optional: true

  '@swc/core-darwin-arm64@1.10.3':
    optional: true

  '@swc/core-darwin-x64@1.10.3':
    optional: true

  '@swc/core-linux-arm-gnueabihf@1.10.3':
    optional: true

  '@swc/core-linux-arm64-gnu@1.10.3':
    optional: true

  '@swc/core-linux-arm64-musl@1.10.3':
    optional: true

  '@swc/core-linux-x64-gnu@1.10.3':
    optional: true

  '@swc/core-linux-x64-musl@1.10.3':
    optional: true

  '@swc/core-win32-arm64-msvc@1.10.3':
    optional: true

  '@swc/core-win32-ia32-msvc@1.10.3':
    optional: true

  '@swc/core-win32-x64-msvc@1.10.3':
    optional: true

  '@swc/core@1.10.3':
    dependencies:
      '@swc/counter': 0.1.3
      '@swc/types': 0.1.17
    optionalDependencies:
      '@swc/core-darwin-arm64': 1.10.3
      '@swc/core-darwin-x64': 1.10.3
      '@swc/core-linux-arm-gnueabihf': 1.10.3
      '@swc/core-linux-arm64-gnu': 1.10.3
      '@swc/core-linux-arm64-musl': 1.10.3
      '@swc/core-linux-x64-gnu': 1.10.3
      '@swc/core-linux-x64-musl': 1.10.3
      '@swc/core-win32-arm64-msvc': 1.10.3
      '@swc/core-win32-ia32-msvc': 1.10.3
      '@swc/core-win32-x64-msvc': 1.10.3

  '@swc/counter@0.1.3': {}

  '@swc/types@0.1.17':
    dependencies:
      '@swc/counter': 0.1.3

  '@tybys/wasm-util@0.9.0':
    dependencies:
      tslib: 2.8.1
    optional: true

  '@types/estree@1.0.6': {}

  '@types/node-forge@1.3.11':
    dependencies:
      '@types/node': 22.10.2

  '@types/node@22.10.2':
    dependencies:
      undici-types: 6.20.0

  acorn-walk@8.3.4:
    dependencies:
      acorn: 8.14.0

  acorn@8.14.0: {}

  as-table@1.0.55:
    dependencies:
      printable-characters: 1.0.42

  blake3-wasm@2.1.5: {}

  capnp-ts@0.7.0:
    dependencies:
      debug: 4.4.0
      tslib: 2.8.1
    transitivePeerDependencies:
      - supports-color

  chokidar@4.0.3:
    dependencies:
      readdirp: 4.0.2

  cookie@0.7.2: {}

  data-uri-to-buffer@2.0.2: {}

  date-fns@4.1.0: {}

  debug@4.4.0:
    dependencies:
      ms: 2.1.3

  defu@6.1.4: {}

  esbuild@0.17.19:
    optionalDependencies:
      '@esbuild/android-arm': 0.17.19
      '@esbuild/android-arm64': 0.17.19
      '@esbuild/android-x64': 0.17.19
      '@esbuild/darwin-arm64': 0.17.19
      '@esbuild/darwin-x64': 0.17.19
      '@esbuild/freebsd-arm64': 0.17.19
      '@esbuild/freebsd-x64': 0.17.19
      '@esbuild/linux-arm': 0.17.19
      '@esbuild/linux-arm64': 0.17.19
      '@esbuild/linux-ia32': 0.17.19
      '@esbuild/linux-loong64': 0.17.19
      '@esbuild/linux-mips64el': 0.17.19
      '@esbuild/linux-ppc64': 0.17.19
      '@esbuild/linux-riscv64': 0.17.19
      '@esbuild/linux-s390x': 0.17.19
      '@esbuild/linux-x64': 0.17.19
      '@esbuild/netbsd-x64': 0.17.19
      '@esbuild/openbsd-x64': 0.17.19
      '@esbuild/sunos-x64': 0.17.19
      '@esbuild/win32-arm64': 0.17.19
      '@esbuild/win32-ia32': 0.17.19
      '@esbuild/win32-x64': 0.17.19

  escape-string-regexp@4.0.0: {}

  estree-walker@0.6.1: {}

  estree-walker@2.0.2: {}

  exit-hook@2.2.1: {}

  fsevents@2.3.3:
    optional: true

  function-bind@1.1.2: {}

  get-source@2.0.12:
    dependencies:
      data-uri-to-buffer: 2.0.2
      source-map: 0.6.1

  get-tsconfig@4.8.1:
    dependencies:
      resolve-pkg-maps: 1.0.0

  glob-to-regexp@0.4.1: {}

  hasown@2.0.2:
    dependencies:
      function-bind: 1.1.2

  is-core-module@2.16.1:
    dependencies:
      hasown: 2.0.2

  itty-time@1.0.6: {}

  magic-string@0.25.9:
    dependencies:
      sourcemap-codec: 1.4.8

  magic-string@0.30.17:
    dependencies:
      '@jridgewell/sourcemap-codec': 1.5.0

  mime@3.0.0: {}

  miniflare@3.20241218.0:
    dependencies:
      '@cspotcode/source-map-support': 0.8.1
      acorn: 8.14.0
      acorn-walk: 8.3.4
      capnp-ts: 0.7.0
      exit-hook: 2.2.1
      glob-to-regexp: 0.4.1
      stoppable: 1.1.0
      undici: 5.28.4
      workerd: 1.20241218.0
      ws: 8.18.0
      youch: 3.3.4
      zod: 3.24.1
    transitivePeerDependencies:
      - bufferutil
      - supports-color
      - utf-8-validate

  ms@2.1.3: {}

  mustache@4.2.0: {}

  nanoid@3.3.8: {}

  node-forge@1.3.1: {}

  ohash@1.1.4: {}

  path-parse@1.0.7: {}

  path-to-regexp@6.3.0: {}

  pathe@1.1.2: {}

  picomatch@4.0.2: {}

  printable-characters@1.0.42: {}

  readdirp@4.0.2: {}

  resolve-pkg-maps@1.0.0: {}

  resolve@1.22.10:
    dependencies:
      is-core-module: 2.16.1
      path-parse: 1.0.7
      supports-preserve-symlinks-flag: 1.0.0

  rolldown@1.0.0-beta.1:
    dependencies:
      zod: 3.24.1
    optionalDependencies:
      '@rolldown/binding-darwin-arm64': 1.0.0-beta.1
      '@rolldown/binding-darwin-x64': 1.0.0-beta.1
      '@rolldown/binding-freebsd-x64': 1.0.0-beta.1
      '@rolldown/binding-linux-arm-gnueabihf': 1.0.0-beta.1
      '@rolldown/binding-linux-arm64-gnu': 1.0.0-beta.1
      '@rolldown/binding-linux-arm64-musl': 1.0.0-beta.1
      '@rolldown/binding-linux-x64-gnu': 1.0.0-beta.1
      '@rolldown/binding-linux-x64-musl': 1.0.0-beta.1
      '@rolldown/binding-wasm32-wasi': 1.0.0-beta.1
      '@rolldown/binding-win32-arm64-msvc': 1.0.0-beta.1
      '@rolldown/binding-win32-ia32-msvc': 1.0.0-beta.1
      '@rolldown/binding-win32-x64-msvc': 1.0.0-beta.1

  rollup-plugin-inject@3.0.2:
    dependencies:
      estree-walker: 0.6.1
      magic-string: 0.25.9
      rollup-pluginutils: 2.8.2

  rollup-plugin-node-polyfills@0.2.1:
    dependencies:
      rollup-plugin-inject: 3.0.2

  rollup-plugin-swc3@0.12.1(@swc/core@1.10.3)(rollup@4.29.1):
    dependencies:
      '@dual-bundle/import-meta-resolve': 4.1.0
      '@fastify/deepmerge': 2.0.1
      '@rollup/pluginutils': 5.1.4(rollup@4.29.1)
      '@swc/core': 1.10.3
      get-tsconfig: 4.8.1
      rollup: 4.29.1
      rollup-preserve-directives: 1.1.3(rollup@4.29.1)

  rollup-pluginutils@2.8.2:
    dependencies:
      estree-walker: 0.6.1

  rollup-preserve-directives@1.1.3(rollup@4.29.1):
    dependencies:
      magic-string: 0.30.17
      rollup: 4.29.1

  rollup@4.29.1:
    dependencies:
      '@types/estree': 1.0.6
    optionalDependencies:
      '@rollup/rollup-android-arm-eabi': 4.29.1
      '@rollup/rollup-android-arm64': 4.29.1
      '@rollup/rollup-darwin-arm64': 4.29.1
      '@rollup/rollup-darwin-x64': 4.29.1
      '@rollup/rollup-freebsd-arm64': 4.29.1
      '@rollup/rollup-freebsd-x64': 4.29.1
      '@rollup/rollup-linux-arm-gnueabihf': 4.29.1
      '@rollup/rollup-linux-arm-musleabihf': 4.29.1
      '@rollup/rollup-linux-arm64-gnu': 4.29.1
      '@rollup/rollup-linux-arm64-musl': 4.29.1
      '@rollup/rollup-linux-loongarch64-gnu': 4.29.1
      '@rollup/rollup-linux-powerpc64le-gnu': 4.29.1
      '@rollup/rollup-linux-riscv64-gnu': 4.29.1
      '@rollup/rollup-linux-s390x-gnu': 4.29.1
      '@rollup/rollup-linux-x64-gnu': 4.29.1
      '@rollup/rollup-linux-x64-musl': 4.29.1
      '@rollup/rollup-win32-arm64-msvc': 4.29.1
      '@rollup/rollup-win32-ia32-msvc': 4.29.1
      '@rollup/rollup-win32-x64-msvc': 4.29.1
      fsevents: 2.3.3

  selfsigned@2.4.1:
    dependencies:
      '@types/node-forge': 1.3.11
      node-forge: 1.3.1

  source-map@0.6.1: {}

  sourcemap-codec@1.4.8: {}

  stacktracey@2.1.8:
    dependencies:
      as-table: 1.0.55
      get-source: 2.0.12

  stoppable@1.1.0: {}

  supports-preserve-symlinks-flag@1.0.0: {}

  tslib@2.8.1: {}

  typescript@5.7.2: {}

  ufo@1.5.4: {}

  undici-types@6.20.0: {}

  undici@5.28.4:
    dependencies:
      '@fastify/busboy': 2.1.1

  unenv-nightly@2.0.0-20241204-140205-a5d5190:
    dependencies:
      defu: 6.1.4
      ohash: 1.1.4
      pathe: 1.1.2
      ufo: 1.5.4

  workerd@1.20241218.0:
    optionalDependencies:
      '@cloudflare/workerd-darwin-64': 1.20241218.0
      '@cloudflare/workerd-darwin-arm64': 1.20241218.0
      '@cloudflare/workerd-linux-64': 1.20241218.0
      '@cloudflare/workerd-linux-arm64': 1.20241218.0
      '@cloudflare/workerd-windows-64': 1.20241218.0

  wrangler@3.99.0(@cloudflare/workers-types@4.20241218.0):
    dependencies:
      '@cloudflare/kv-asset-handler': 0.3.4
      '@esbuild-plugins/node-globals-polyfill': 0.2.3(esbuild@0.17.19)
      '@esbuild-plugins/node-modules-polyfill': 0.2.2(esbuild@0.17.19)
      blake3-wasm: 2.1.5
      chokidar: 4.0.3
      date-fns: 4.1.0
      esbuild: 0.17.19
      itty-time: 1.0.6
      miniflare: 3.20241218.0
      nanoid: 3.3.8
      path-to-regexp: 6.3.0
      resolve: 1.22.10
      selfsigned: 2.4.1
      source-map: 0.6.1
      unenv: unenv-nightly@2.0.0-20241204-140205-a5d5190
      workerd: 1.20241218.0
      xxhash-wasm: 1.1.0
    optionalDependencies:
      '@cloudflare/workers-types': 4.20241218.0
      fsevents: 2.3.3
    transitivePeerDependencies:
      - bufferutil
      - supports-color
      - utf-8-validate

  ws@8.18.0: {}

  xxhash-wasm@1.1.0: {}

  youch@3.3.4:
    dependencies:
      cookie: 0.7.2
      mustache: 4.2.0
      stacktracey: 2.1.8

  zod@3.24.1: {}
